
Microsoft Visual Studio Solution File, Format Version 12.00
# Visual Studio Version 17
VisualStudioVersion = 17.1.32210.238
MinimumVisualStudioVersion = 10.0.40219.1
Project("{FAE04EC0-301F-11D3-BF4B-00C04F79EFBC}") = "XamarinStudy01.UWP", "XamarinStudy01.UWP\XamarinStudy01.UWP.csproj", "{CE38E43F-0BC8-41B5-863B-FF945BD567BD}"
EndProject
Project("{FAE04EC0-301F-11D3-BF4B-00C04F79EFBC}") = "XamarinStudy01.Android", "XamarinStudy01.Android\XamarinStudy01.Android.csproj", "{7D708A3B-34C8-4819-9900-7789A4F105CC}"
EndProject
Project("{FAE04EC0-301F-11D3-BF4B-00C04F79EFBC}") = "XamarinStudy01.iOS", "XamarinStudy01.iOS\XamarinStudy01.iOS.csproj", "{75D2DCE6-1577-4352-95A3-2BC7E1C599F8}"
EndProject
Project("{FAE04EC0-301F-11D3-BF4B-00C04F79EFBC}") = "XamarinStudy01", "XamarinStudy01\XamarinStudy01.csproj", "{5F8380B8-DA87-4224-8B5C-010FE5F51577}"
EndProject
Global
	GlobalSection(SolutionConfigurationPlatforms) = preSolution
		Debug|Any CPU = Debug|Any CPU
		Debug|ARM = Debug|ARM
		Debug|iPhone = Debug|iPhone
		Debug|iPhoneSimulator = Debug|iPhoneSimulator
		Debug|x64 = Debug|x64
		Debug|x86 = Debug|x86
		Release|Any CPU = Release|Any CPU
		Release|ARM = Release|ARM
		Release|iPhone = Release|iPhone
		Release|iPhoneSimulator = Release|iPhoneSimulator
		Release|x64 = Release|x64
		Release|x86 = Release|x86
	EndGlobalSection
	GlobalSection(ProjectConfigurationPlatforms) = postSolution
		{CE38E43F-0BC8-41B5-863B-FF945BD567BD}.Debug|Any CPU.ActiveCfg = Debug|x64
		{CE38E43F-0BC8-41B5-863B-FF945BD567BD}.Debug|Any CPU.Build.0 = Debug|x64
		{CE38E43F-0BC8-41B5-863B-FF945BD567BD}.Debug|Any CPU.Deploy.0 = Debug|x64
		{CE38E43F-0BC8-41B5-863B-FF945BD567BD}.Debug|ARM.ActiveCfg = Debug|ARM
		{CE38E43F-0BC8-41B5-863B-FF945BD567BD}.Debug|ARM.Build.0 = Debug|ARM
		{CE38E43F-0BC8-41B5-863B-FF945BD567BD}.Debug|ARM.Deploy.0 = Debug|ARM
		{CE38E43F-0BC8-41B5-863B-FF945BD567BD}.Debug|iPhone.ActiveCfg = Debug|x64
		{CE38E43F-0BC8-41B5-863B-FF945BD567BD}.Debug|iPhone.Build.0 = Debug|x64
		{CE38E43F-0BC8-41B5-863B-FF945BD567BD}.Debug|iPhone.Deploy.0 = Debug|x64
		{CE38E43F-0BC8-41B5-863B-FF945BD567BD}.Debug|iPhoneSimulator.ActiveCfg = Debug|x64
		{CE38E43F-0BC8-41B5-863B-FF945BD567BD}.Debug|iPhoneSimulator.Build.0 = Debug|x64
		{CE38E43F-0BC8-41B5-863B-FF945BD567BD}.Debug|iPhoneSimulator.Deploy.0 = Debug|x64
		{CE38E43F-0BC8-41B5-863B-FF945BD567BD}.Debug|x64.ActiveCfg = Debug|x64
		{CE38E43F-0BC8-41B5-863B-FF945BD567BD}.Debug|x64.Build.0 = Debug|x64
		{CE38E43F-0BC8-41B5-863B-FF945BD567BD}.Debug|x64.Deploy.0 = Debug|x64
		{CE38E43F-0BC8-41B5-863B-FF945BD567BD}.Debug|x86.ActiveCfg = Debug|x86
		{CE38E43F-0BC8-41B5-863B-FF945BD567BD}.Debug|x86.Build.0 = Debug|x86
		{CE38E43F-0BC8-41B5-863B-FF945BD567BD}.Debug|x86.Deploy.0 = Debug|x86
		{CE38E43F-0BC8-41B5-863B-FF945BD567BD}.Release|Any CPU.ActiveCfg = Release|x64
		{CE38E43F-0BC8-41B5-863B-FF945BD567BD}.Release|Any CPU.Build.0 = Release|x64
		{CE38E43F-0BC8-41B5-863B-FF945BD567BD}.Release|Any CPU.Deploy.0 = Release|x64
		{CE38E43F-0BC8-41B5-863B-FF945BD567BD}.Release|ARM.ActiveCfg = Release|ARM
		{CE38E43F-0BC8-41B5-863B-FF945BD567BD}.Release|ARM.Build.0 = Release|ARM
		{CE38E43F-0BC8-41B5-863B-FF945BD567BD}.Release|ARM.Deploy.0 = Release|ARM
		{CE38E43F-0BC8-41B5-863B-FF945BD567BD}.Release|iPhone.ActiveCfg = Release|x64
		{CE38E43F-0BC8-41B5-863B-FF945BD567BD}.Release|iPhone.Build.0 = Release|x64
		{CE38E43F-0BC8-41B5-863B-FF945BD567BD}.Release|iPhone.Deploy.0 = Release|x64
		{CE38E43F-0BC8-41B5-863B-FF945BD567BD}.Release|iPhoneSimulator.ActiveCfg = Release|x64
		{CE38E43F-0BC8-41B5-863B-FF945BD567BD}.Release|iPhoneSimulator.Build.0 = Release|x64
		{CE38E43F-0BC8-41B5-863B-FF945BD567BD}.Release|iPhoneSimulator.Deploy.0 = Release|x64
		{CE38E43F-0BC8-41B5-863B-FF945BD567BD}.Release|x64.ActiveCfg = Release|x64
		{CE38E43F-0BC8-41B5-863B-FF945BD567BD}.Release|x64.Build.0 = Release|x64
		{CE38E43F-0BC8-41B5-863B-FF945BD567BD}.Release|x64.Deploy.0 = Release|x64
		{CE38E43F-0BC8-41B5-863B-FF945BD567BD}.Release|x86.ActiveCfg = Release|x86
		{CE38E43F-0BC8-41B5-863B-FF945BD567BD}.Release|x86.Build.0 = Release|x86
		{CE38E43F-0BC8-41B5-863B-FF945BD567BD}.Release|x86.Deploy.0 = Release|x86
		{7D708A3B-34C8-4819-9900-7789A4F105CC}.Debug|Any CPU.ActiveCfg = Debug|Any CPU
		{7D708A3B-34C8-4819-9900-7789A4F105CC}.Debug|Any CPU.Build.0 = Debug|Any CPU
		{7D708A3B-34C8-4819-9900-7789A4F105CC}.Debug|Any CPU.Deploy.0 = Debug|Any CPU
		{7D708A3B-34C8-4819-9900-7789A4F105CC}.Debug|ARM.ActiveCfg = Debug|Any CPU
		{7D708A3B-34C8-4819-9900-7789A4F105CC}.Debug|ARM.Build.0 = Debug|Any CPU
		{7D708A3B-34C8-4819-9900-7789A4F105CC}.Debug|ARM.Deploy.0 = Debug|Any CPU
		{7D708A3B-34C8-4819-9900-7789A4F105CC}.Debug|iPhone.ActiveCfg = Debug|Any CPU
		{7D708A3B-34C8-4819-9900-7789A4F105CC}.Debug|iPhone.Build.0 = Debug|Any CPU
		{7D708A3B-34C8-4819-9900-7789A4F105CC}.Debug|iPhone.Deploy.0 = Debug|Any CPU
		{7D708A3B-34C8-4819-9900-7789A4F105CC}.Debug|iPhoneSimulator.ActiveCfg = Debug|Any CPU
		{7D708A3B-34C8-4819-9900-7789A4F105CC}.Debug|iPhoneSimulator.Build.0 = Debug|Any CPU
		{7D708A3B-34C8-4819-9900-7789A4F105CC}.Debug|iPhoneSimulator.Deploy.0 = Debug|Any CPU
		{7D708A3B-34C8-4819-9900-7789A4F105CC}.Debug|x64.ActiveCfg = Debug|Any CPU
		{7D708A3B-34C8-4819-9900-7789A4F105CC}.Debug|x64.Build.0 = Debug|Any CPU
		{7D708A3B-34C8-4819-9900-7789A4F105CC}.Debug|x64.Deploy.0 = Debug|Any CPU
		{7D708A3B-34C8-4819-9900-7789A4F105CC}.Debug|x86.ActiveCfg = Debug|Any CPU
		{7D708A3B-34C8-4819-9900-7789A4F105CC}.Debug|x86.Build.0 = Debug|Any CPU
		{7D708A3B-34C8-4819-9900-7789A4F105CC}.Debug|x86.Deploy.0 = Debug|Any CPU
		{7D708A3B-34C8-4819-9900-7789A4F105CC}.Release|Any CPU.ActiveCfg = Release|Any CPU
		{7D708A3B-34C8-4819-9900-7789A4F105CC}.Release|Any CPU.Build.0 = Release|Any CPU
		{7D708A3B-34C8-4819-9900-7789A4F105CC}.Release|Any CPU.Deploy.0 = Release|Any CPU
		{7D708A3B-34C8-4819-9900-7789A4F105CC}.Release|ARM.ActiveCfg = Release|Any CPU
		{7D708A3B-34C8-4819-9900-7789A4F105CC}.Release|ARM.Build.0 = Release|Any CPU
		{7D708A3B-34C8-4819-9900-7789A4F105CC}.Release|ARM.Deploy.0 = Release|Any CPU
		{7D708A3B-34C8-4819-9900-7789A4F105CC}.Release|iPhone.ActiveCfg = Release|Any CPU
		{7D708A3B-34C8-4819-9900-7789A4F105CC}.Release|iPhone.Build.0 = Release|Any CPU
		{7D708A3B-34C8-4819-9900-7789A4F105CC}.Release|iPhone.Deploy.0 = Release|Any CPU
		{7D708A3B-34C8-4819-9900-7789A4F105CC}.Release|iPhoneSimulator.ActiveCfg = Release|Any CPU
		{7D708A3B-34C8-4819-9900-7789A4F105CC}.Release|iPhoneSimulator.Build.0 = Release|Any CPU
		{7D708A3B-34C8-4819-9900-7789A4F105CC}.Release|iPhoneSimulator.Deploy.0 = Release|Any CPU
		{7D708A3B-34C8-4819-9900-7789A4F105CC}.Release|x64.ActiveCfg = Release|Any CPU
		{7D708A3B-34C8-4819-9900-7789A4F105CC}.Release|x64.Build.0 = Release|Any CPU
		{7D708A3B-34C8-4819-9900-7789A4F105CC}.Release|x64.Deploy.0 = Release|Any CPU
		{7D708A3B-34C8-4819-9900-7789A4F105CC}.Release|x86.ActiveCfg = Release|Any CPU
		{7D708A3B-34C8-4819-9900-7789A4F105CC}.Release|x86.Build.0 = Release|Any CPU
		{7D708A3B-34C8-4819-9900-7789A4F105CC}.Release|x86.Deploy.0 = Release|Any CPU
		{75D2DCE6-1577-4352-95A3-2BC7E1C599F8}.Debug|Any CPU.ActiveCfg = Debug|iPhoneSimulator
		{75D2DCE6-1577-4352-95A3-2BC7E1C599F8}.Debug|Any CPU.Build.0 = Debug|iPhoneSimulator
		{75D2DCE6-1577-4352-95A3-2BC7E1C599F8}.Debug|Any CPU.Deploy.0 = Debug|iPhoneSimulator
		{75D2DCE6-1577-4352-95A3-2BC7E1C599F8}.Debug|ARM.ActiveCfg = Debug|iPhoneSimulator
		{75D2DCE6-1577-4352-95A3-2BC7E1C599F8}.Debug|ARM.Build.0 = Debug|iPhoneSimulator
		{75D2DCE6-1577-4352-95A3-2BC7E1C599F8}.Debug|ARM.Deploy.0 = Debug|iPhoneSimulator
		{75D2DCE6-1577-4352-95A3-2BC7E1C599F8}.Debug|iPhone.ActiveCfg = Debug|iPhone
		{75D2DCE6-1577-4352-95A3-2BC7E1C599F8}.Debug|iPhone.Build.0 = Debug|iPhone
		{75D2DCE6-1577-4352-95A3-2BC7E1C599F8}.Debug|iPhone.Deploy.0 = Debug|iPhone
		{75D2DCE6-1577-4352-95A3-2BC7E1C599F8}.Debug|iPhoneSimulator.ActiveCfg = Debug|iPhoneSimulator
		{75D2DCE6-1577-4352-95A3-2BC7E1C599F8}.Debug|iPhoneSimulator.Build.0 = Debug|iPhoneSimulator
		{75D2DCE6-1577-4352-95A3-2BC7E1C599F8}.Debug|iPhoneSimulator.Deploy.0 = Debug|iPhoneSimulator
		{75D2DCE6-1577-4352-95A3-2BC7E1C599F8}.Debug|x64.ActiveCfg = Debug|iPhone
		{75D2DCE6-1577-4352-95A3-2BC7E1C599F8}.Debug|x64.Build.0 = Debug|iPhone
		{75D2DCE6-1577-4352-95A3-2BC7E1C599F8}.Debug|x64.Deploy.0 = Debug|iPhone
		{75D2DCE6-1577-4352-95A3-2BC7E1C599F8}.Debug|x86.ActiveCfg = Debug|iPhoneSimulator
		{75D2DCE6-1577-4352-95A3-2BC7E1C599F8}.Debug|x86.Build.0 = Debug|iPhoneSimulator
		{75D2DCE6-1577-4352-95A3-2BC7E1C599F8}.Debug|x86.Deploy.0 = Debug|iPhoneSimulator
		{75D2DCE6-1577-4352-95A3-2BC7E1C599F8}.Release|Any CPU.ActiveCfg = Release|iPhoneSimulator
		{75D2DCE6-1577-4352-95A3-2BC7E1C599F8}.Release|Any CPU.Build.0 = Release|iPhoneSimulator
		{75D2DCE6-1577-4352-95A3-2BC7E1C599F8}.Release|Any CPU.Deploy.0 = Release|iPhoneSimulator
		{75D2DCE6-1577-4352-95A3-2BC7E1C599F8}.Release|ARM.ActiveCfg = Release|iPhoneSimulator
		{75D2DCE6-1577-4352-95A3-2BC7E1C599F8}.Release|ARM.Build.0 = Release|iPhoneSimulator
		{75D2DCE6-1577-4352-95A3-2BC7E1C599F8}.Release|ARM.Deploy.0 = Release|iPhoneSimulator
		{75D2DCE6-1577-4352-95A3-2BC7E1C599F8}.Release|iPhone.ActiveCfg = Release|iPhone
		{75D2DCE6-1577-4352-95A3-2BC7E1C599F8}.Release|iPhone.Build.0 = Release|iPhone
		{75D2DCE6-1577-4352-95A3-2BC7E1C599F8}.Release|iPhone.Deploy.0 = Release|iPhone
		{75D2DCE6-1577-4352-95A3-2BC7E1C599F8}.Release|iPhoneSimulator.ActiveCfg = Release|iPhoneSimulator
		{75D2DCE6-1577-4352-95A3-2BC7E1C599F8}.Release|iPhoneSimulator.Build.0 = Release|iPhoneSimulator
		{75D2DCE6-1577-4352-95A3-2BC7E1C599F8}.Release|iPhoneSimulator.Deploy.0 = Release|iPhoneSimulator
		{75D2DCE6-1577-4352-95A3-2BC7E1C599F8}.Release|x64.ActiveCfg = Release|iPhoneSimulator
		{75D2DCE6-1577-4352-95A3-2BC7E1C599F8}.Release|x64.Build.0 = Release|iPhoneSimulator
		{75D2DCE6-1577-4352-95A3-2BC7E1C599F8}.Release|x64.Deploy.0 = Release|iPhoneSimulator
		{75D2DCE6-1577-4352-95A3-2BC7E1C599F8}.Release|x86.ActiveCfg = Release|iPhoneSimulator
		{75D2DCE6-1577-4352-95A3-2BC7E1C599F8}.Release|x86.Build.0 = Release|iPhoneSimulator
		{75D2DCE6-1577-4352-95A3-2BC7E1C599F8}.Release|x86.Deploy.0 = Release|iPhoneSimulator
		{5F8380B8-DA87-4224-8B5C-010FE5F51577}.Debug|Any CPU.ActiveCfg = Debug|Any CPU
		{5F8380B8-DA87-4224-8B5C-010FE5F51577}.Debug|Any CPU.Build.0 = Debug|Any CPU
		{5F8380B8-DA87-4224-8B5C-010FE5F51577}.Debug|Any CPU.Deploy.0 = Debug|Any CPU
		{5F8380B8-DA87-4224-8B5C-010FE5F51577}.Debug|ARM.ActiveCfg = Debug|Any CPU
		{5F8380B8-DA87-4224-8B5C-010FE5F51577}.Debug|ARM.Build.0 = Debug|Any CPU
		{5F8380B8-DA87-4224-8B5C-010FE5F51577}.Debug|ARM.Deploy.0 = Debug|Any CPU
		{5F8380B8-DA87-4224-8B5C-010FE5F51577}.Debug|iPhone.ActiveCfg = Debug|Any CPU
		{5F8380B8-DA87-4224-8B5C-010FE5F51577}.Debug|iPhone.Build.0 = Debug|Any CPU
		{5F8380B8-DA87-4224-8B5C-010FE5F51577}.Debug|iPhone.Deploy.0 = Debug|Any CPU
		{5F8380B8-DA87-4224-8B5C-010FE5F51577}.Debug|iPhoneSimulator.ActiveCfg = Debug|Any CPU
		{5F8380B8-DA87-4224-8B5C-010FE5F51577}.Debug|iPhoneSimulator.Build.0 = Debug|Any CPU
		{5F8380B8-DA87-4224-8B5C-010FE5F51577}.Debug|iPhoneSimulator.Deploy.0 = Debug|Any CPU
		{5F8380B8-DA87-4224-8B5C-010FE5F51577}.Debug|x64.ActiveCfg = Debug|Any CPU
		{5F8380B8-DA87-4224-8B5C-010FE5F51577}.Debug|x64.Build.0 = Debug|Any CPU
		{5F8380B8-DA87-4224-8B5C-010FE5F51577}.Debug|x64.Deploy.0 = Debug|Any CPU
		{5F8380B8-DA87-4224-8B5C-010FE5F51577}.Debug|x86.ActiveCfg = Debug|Any CPU
		{5F8380B8-DA87-4224-8B5C-010FE5F51577}.Debug|x86.Build.0 = Debug|Any CPU
		{5F8380B8-DA87-4224-8B5C-010FE5F51577}.Debug|x86.Deploy.0 = Debug|Any CPU
		{5F8380B8-DA87-4224-8B5C-010FE5F51577}.Release|Any CPU.ActiveCfg = Release|Any CPU
		{5F8380B8-DA87-4224-8B5C-010FE5F51577}.Release|Any CPU.Build.0 = Release|Any CPU
		{5F8380B8-DA87-4224-8B5C-010FE5F51577}.Release|Any CPU.Deploy.0 = Release|Any CPU
		{5F8380B8-DA87-4224-8B5C-010FE5F51577}.Release|ARM.ActiveCfg = Release|Any CPU
		{5F8380B8-DA87-4224-8B5C-010FE5F51577}.Release|ARM.Build.0 = Release|Any CPU
		{5F8380B8-DA87-4224-8B5C-010FE5F51577}.Release|ARM.Deploy.0 = Release|Any CPU
		{5F8380B8-DA87-4224-8B5C-010FE5F51577}.Release|iPhone.ActiveCfg = Release|Any CPU
		{5F8380B8-DA87-4224-8B5C-010FE5F51577}.Release|iPhone.Build.0 = Release|Any CPU
		{5F8380B8-DA87-4224-8B5C-010FE5F51577}.Release|iPhone.Deploy.0 = Release|Any CPU
		{5F8380B8-DA87-4224-8B5C-010FE5F51577}.Release|iPhoneSimulator.ActiveCfg = Release|Any CPU
		{5F8380B8-DA87-4224-8B5C-010FE5F51577}.Release|iPhoneSimulator.Build.0 = Release|Any CPU
		{5F8380B8-DA87-4224-8B5C-010FE5F51577}.Release|iPhoneSimulator.Deploy.0 = Release|Any CPU
		{5F8380B8-DA87-4224-8B5C-010FE5F51577}.Release|x64.ActiveCfg = Release|Any CPU
		{5F8380B8-DA87-4224-8B5C-010FE5F51577}.Release|x64.Build.0 = Release|Any CPU
		{5F8380B8-DA87-4224-8B5C-010FE5F51577}.Release|x64.Deploy.0 = Release|Any CPU
		{5F8380B8-DA87-4224-8B5C-010FE5F51577}.Release|x86.ActiveCfg = Release|Any CPU
		{5F8380B8-DA87-4224-8B5C-010FE5F51577}.Release|x86.Build.0 = Release|Any CPU
		{5F8380B8-DA87-4224-8B5C-010FE5F51577}.Release|x86.Deploy.0 = Release|Any CPU
	EndGlobalSection
	GlobalSection(SolutionProperties) = preSolution
		HideSolutionNode = FALSE
	EndGlobalSection
	GlobalSection(ExtensibilityGlobals) = postSolution
		SolutionGuid = {79EF4541-9346-495B-B3D7-8917BF733B77}
	EndGlobalSection
EndGlobal
